// !$*UTF8*$!
{
	archiveVersion = 1;
	classes = {
	};
	objectVersion = 77;
	objects = {

/* Begin PBXBuildFile section */
		150ECD752E0281AD00B5B0B2 /* Item.swift in Sources */ = {isa = PBXBuildFile; fileRef = 150ECD712E0281AD00B5B0B2 /* Item.swift */; };
		150ECD832E0281C600B5B0B2 /* WidgetKit.framework in Frameworks */ = {isa = PBXBuildFile; fileRef = 150ECD822E0281C600B5B0B2 /* WidgetKit.framework */; };
		150ECD852E0281C600B5B0B2 /* SwiftUI.framework in Frameworks */ = {isa = PBXBuildFile; fileRef = 150ECD842E0281C600B5B0B2 /* SwiftUI.framework */; };
		150ECD942E0281C700B5B0B2 /* WaterTrackingWidgetExtension.appex in Embed Foundation Extensions */ = {isa = PBXBuildFile; fileRef = 150ECD802E0281C600B5B0B2 /* WaterTrackingWidgetExtension.appex */; settings = {ATTRIBUTES = (RemoveHeadersOnCopy, ); }; };
		150ECD9D2E02825200B5B0B2 /* Item.swift in Sources */ = {isa = PBXBuildFile; fileRef = 150ECD712E0281AD00B5B0B2 /* Item.swift */; };
		152BE8982E04968D00C8D0BB /* enableAndSyncHealthIntegration.swift in Sources */ = {isa = PBXBuildFile; fileRef = 152BE8932E04968D00C8D0BB /* enableAndSyncHealthIntegration.swift */; };
		152BE8A82E04968D00C8D0BB /* Assets.xcassets in Resources */ = {isa = PBXBuildFile; fileRef = 152BE89F2E04968D00C8D0BB /* Assets.xcassets */; };
		152BE8B72E0496B300C8D0BB /* rawr-watch Watch App.app in Embed Watch Content */ = {isa = PBXBuildFile; fileRef = 152BE8AD2E0496B200C8D0BB /* rawr-watch Watch App.app */; settings = {ATTRIBUTES = (RemoveHeadersOnCopy, ); }; };
		152BE8BC2E0496D200C8D0BB /* WaterLoggingButton.swift in Sources */ = {isa = PBXBuildFile; fileRef = 1540FC6E2E0465E6003C1926 /* WaterLoggingButton.swift */; };
		152BE8BD2E0496D500C8D0BB /* createNotification.swift in Sources */ = {isa = PBXBuildFile; fileRef = 15AB2A7F2E02DF5400AA6860 /* createNotification.swift */; };
		152BE8BF2E0496E200C8D0BB /* Item.swift in Sources */ = {isa = PBXBuildFile; fileRef = 150ECD712E0281AD00B5B0B2 /* Item.swift */; };
		152BE8C02E0496E900C8D0BB /* doseToMeetGoal.swift in Sources */ = {isa = PBXBuildFile; fileRef = 15AB2A622E02C54900AA6860 /* doseToMeetGoal.swift */; };
		152BE8C12E0496F100C8D0BB /* logWater.swift in Sources */ = {isa = PBXBuildFile; fileRef = 15AB2A822E02DFFD00AA6860 /* logWater.swift */; };
		152BE8C22E04972900C8D0BB /* Notification.swift in Sources */ = {isa = PBXBuildFile; fileRef = 15AB2A7D2E02C6C700AA6860 /* Notification.swift */; };
		152BE8C42E049E7800C8D0BB /* enableAndSyncHealthIntegration.swift in Sources */ = {isa = PBXBuildFile; fileRef = 152BE8932E04968D00C8D0BB /* enableAndSyncHealthIntegration.swift */; };
		152BE8E52E049F8700C8D0BB /* LogWaterAppIntent.appex in Embed ExtensionKit Extensions */ = {isa = PBXBuildFile; fileRef = 152BE8DC2E049F8700C8D0BB /* LogWaterAppIntent.appex */; settings = {ATTRIBUTES = (RemoveHeadersOnCopy, ); }; };
		152BE8ED2E049FF300C8D0BB /* Assets.xcassets in Resources */ = {isa = PBXBuildFile; fileRef = 152BE89F2E04968D00C8D0BB /* Assets.xcassets */; };
		152BE8EE2E049FF300C8D0BB /* Assets.xcassets in Resources */ = {isa = PBXBuildFile; fileRef = 152BE89F2E04968D00C8D0BB /* Assets.xcassets */; };
		15356D882E052D56002648CA /* Settings.bundle in Resources */ = {isa = PBXBuildFile; fileRef = 15356D862E052D56002648CA /* Settings.bundle */; };
		15356D8A2E052D56002648CA /* Settings.bundle in Resources */ = {isa = PBXBuildFile; fileRef = 15356D862E052D56002648CA /* Settings.bundle */; };
		1540FC742E0465E6003C1926 /* WaterLoggingButton.swift in Sources */ = {isa = PBXBuildFile; fileRef = 1540FC6E2E0465E6003C1926 /* WaterLoggingButton.swift */; };
		1540FC812E04680D003C1926 /* WaterLoggingButton.swift in Sources */ = {isa = PBXBuildFile; fileRef = 1540FC6E2E0465E6003C1926 /* WaterLoggingButton.swift */; };
		1566DA7D2E07071200CA4A46 /* createNotification.swift in Sources */ = {isa = PBXBuildFile; fileRef = 15AB2A7F2E02DF5400AA6860 /* createNotification.swift */; };
		1566DA7F2E07071A00CA4A46 /* Item.swift in Sources */ = {isa = PBXBuildFile; fileRef = 150ECD712E0281AD00B5B0B2 /* Item.swift */; };
		1566DA812E07072300CA4A46 /* Assets.xcassets in Resources */ = {isa = PBXBuildFile; fileRef = 152BE89F2E04968D00C8D0BB /* Assets.xcassets */; };
		1566DA832E07072900CA4A46 /* AppIcon.icon in Resources */ = {isa = PBXBuildFile; fileRef = 1578C3892E05611500009CEC /* AppIcon.icon */; };
		1566DA842E07072900CA4A46 /* AppIcon.icon in Resources */ = {isa = PBXBuildFile; fileRef = 1578C3892E05611500009CEC /* AppIcon.icon */; };
		1566DA862E07073000CA4A46 /* doseToMeetGoal.swift in Sources */ = {isa = PBXBuildFile; fileRef = 15AB2A622E02C54900AA6860 /* doseToMeetGoal.swift */; };
		1566DA892E07074B00CA4A46 /* logWater.swift in Sources */ = {isa = PBXBuildFile; fileRef = 15AB2A822E02DFFD00AA6860 /* logWater.swift */; };
		1566DA8B2E07075000CA4A46 /* Notification.swift in Sources */ = {isa = PBXBuildFile; fileRef = 15AB2A7D2E02C6C700AA6860 /* Notification.swift */; };
		1578C38A2E05611500009CEC /* AppIcon.icon in Resources */ = {isa = PBXBuildFile; fileRef = 1578C3892E05611500009CEC /* AppIcon.icon */; };
		1578C38B2E05611500009CEC /* AppIcon.icon in Resources */ = {isa = PBXBuildFile; fileRef = 1578C3892E05611500009CEC /* AppIcon.icon */; };
		15AB2A6D2E02C54900AA6860 /* doseToMeetGoal.swift in Sources */ = {isa = PBXBuildFile; fileRef = 15AB2A622E02C54900AA6860 /* doseToMeetGoal.swift */; };
		15AB2A7E2E02C6CB00AA6860 /* Notification.swift in Sources */ = {isa = PBXBuildFile; fileRef = 15AB2A7D2E02C6C700AA6860 /* Notification.swift */; };
		15AB2A802E02DF5C00AA6860 /* createNotification.swift in Sources */ = {isa = PBXBuildFile; fileRef = 15AB2A7F2E02DF5400AA6860 /* createNotification.swift */; };
		15AB2A812E02DFC500AA6860 /* createNotification.swift in Sources */ = {isa = PBXBuildFile; fileRef = 15AB2A7F2E02DF5400AA6860 /* createNotification.swift */; };
		15AB2A832E02E00000AA6860 /* logWater.swift in Sources */ = {isa = PBXBuildFile; fileRef = 15AB2A822E02DFFD00AA6860 /* logWater.swift */; };
		15AB2A842E02E0F800AA6860 /* doseToMeetGoal.swift in Sources */ = {isa = PBXBuildFile; fileRef = 15AB2A622E02C54900AA6860 /* doseToMeetGoal.swift */; };
		15AB2A852E02E19C00AA6860 /* Notification.swift in Sources */ = {isa = PBXBuildFile; fileRef = 15AB2A7D2E02C6C700AA6860 /* Notification.swift */; };
		15AB2A862E02E1A800AA6860 /* logWater.swift in Sources */ = {isa = PBXBuildFile; fileRef = 15AB2A822E02DFFD00AA6860 /* logWater.swift */; };
/* End PBXBuildFile section */

/* Begin PBXContainerItemProxy section */
		150ECD922E0281C700B5B0B2 /* PBXContainerItemProxy */ = {
			isa = PBXContainerItemProxy;
			containerPortal = 1530ECAE2E01C5EB00A3F4F5 /* Project object */;
			proxyType = 1;
			remoteGlobalIDString = 150ECD7F2E0281C600B5B0B2;
			remoteInfo = WaterTrackingWidgetExtension;
		};
		152BE8B52E0496B300C8D0BB /* PBXContainerItemProxy */ = {
			isa = PBXContainerItemProxy;
			containerPortal = 1530ECAE2E01C5EB00A3F4F5 /* Project object */;
			proxyType = 1;
			remoteGlobalIDString = 152BE8AC2E0496B200C8D0BB;
			remoteInfo = "rawr-watch Watch App";
		};
		152BE8E32E049F8700C8D0BB /* PBXContainerItemProxy */ = {
			isa = PBXContainerItemProxy;
			containerPortal = 1530ECAE2E01C5EB00A3F4F5 /* Project object */;
			proxyType = 1;
			remoteGlobalIDString = 152BE8DB2E049F8700C8D0BB;
			remoteInfo = LogWaterAppIntent;
		};
/* End PBXContainerItemProxy section */

/* Begin PBXCopyFilesBuildPhase section */
		150ECD952E0281C700B5B0B2 /* Embed Foundation Extensions */ = {
			isa = PBXCopyFilesBuildPhase;
			buildActionMask = 2147483647;
			dstPath = "";
			dstSubfolderSpec = 13;
			files = (
				150ECD942E0281C700B5B0B2 /* WaterTrackingWidgetExtension.appex in Embed Foundation Extensions */,
			);
			name = "Embed Foundation Extensions";
			runOnlyForDeploymentPostprocessing = 0;
		};
		152BE8B82E0496B300C8D0BB /* Embed Watch Content */ = {
			isa = PBXCopyFilesBuildPhase;
			buildActionMask = 2147483647;
			dstPath = "$(CONTENTS_FOLDER_PATH)/Watch";
			dstSubfolderSpec = 16;
			files = (
				152BE8B72E0496B300C8D0BB /* rawr-watch Watch App.app in Embed Watch Content */,
			);
			name = "Embed Watch Content";
			runOnlyForDeploymentPostprocessing = 0;
		};
		152BE8D72E049F1900C8D0BB /* Embed ExtensionKit Extensions */ = {
			isa = PBXCopyFilesBuildPhase;
			buildActionMask = 2147483647;
			dstPath = "$(EXTENSIONS_FOLDER_PATH)";
			dstSubfolderSpec = 16;
			files = (
				152BE8E52E049F8700C8D0BB /* LogWaterAppIntent.appex in Embed ExtensionKit Extensions */,
			);
			name = "Embed ExtensionKit Extensions";
			runOnlyForDeploymentPostprocessing = 0;
		};
		1566DA692E0704F700CA4A46 /* Embed Foundation Extensions */ = {
			isa = PBXCopyFilesBuildPhase;
			buildActionMask = 2147483647;
			dstPath = "";
			dstSubfolderSpec = 13;
			files = (
			);
			name = "Embed Foundation Extensions";
			runOnlyForDeploymentPostprocessing = 0;
		};
/* End PBXCopyFilesBuildPhase section */

/* Begin PBXFileReference section */
		150ECD712E0281AD00B5B0B2 /* Item.swift */ = {isa = PBXFileReference; lastKnownFileType = sourcecode.swift; path = Item.swift; sourceTree = "<group>"; };
		150ECD802E0281C600B5B0B2 /* WaterTrackingWidgetExtension.appex */ = {isa = PBXFileReference; explicitFileType = "wrapper.app-extension"; includeInIndex = 0; path = WaterTrackingWidgetExtension.appex; sourceTree = BUILT_PRODUCTS_DIR; };
		150ECD822E0281C600B5B0B2 /* WidgetKit.framework */ = {isa = PBXFileReference; lastKnownFileType = wrapper.framework; name = WidgetKit.framework; path = System/Library/Frameworks/WidgetKit.framework; sourceTree = SDKROOT; };
		150ECD842E0281C600B5B0B2 /* SwiftUI.framework */ = {isa = PBXFileReference; lastKnownFileType = wrapper.framework; name = SwiftUI.framework; path = System/Library/Frameworks/SwiftUI.framework; sourceTree = SDKROOT; };
		150ECD9E2E0285FE00B5B0B2 /* WaterTrackingWidgetExtension.entitlements */ = {isa = PBXFileReference; lastKnownFileType = text.plist.entitlements; path = WaterTrackingWidgetExtension.entitlements; sourceTree = "<group>"; };
		152BE8932E04968D00C8D0BB /* enableAndSyncHealthIntegration.swift */ = {isa = PBXFileReference; lastKnownFileType = sourcecode.swift; path = enableAndSyncHealthIntegration.swift; sourceTree = "<group>"; };
		152BE89F2E04968D00C8D0BB /* Assets.xcassets */ = {isa = PBXFileReference; lastKnownFileType = folder.assetcatalog; path = Assets.xcassets; sourceTree = "<group>"; };
		152BE8AD2E0496B200C8D0BB /* rawr-watch Watch App.app */ = {isa = PBXFileReference; explicitFileType = wrapper.application; includeInIndex = 0; path = "rawr-watch Watch App.app"; sourceTree = BUILT_PRODUCTS_DIR; };
		152BE8DC2E049F8700C8D0BB /* LogWaterAppIntent.appex */ = {isa = PBXFileReference; explicitFileType = "wrapper.extensionkit-extension"; includeInIndex = 0; path = LogWaterAppIntent.appex; sourceTree = BUILT_PRODUCTS_DIR; };
		1530ECB62E01C5EB00A3F4F5 /* rawr.app */ = {isa = PBXFileReference; explicitFileType = wrapper.application; includeInIndex = 0; path = rawr.app; sourceTree = BUILT_PRODUCTS_DIR; };
		15356D862E052D56002648CA /* Settings.bundle */ = {isa = PBXFileReference; lastKnownFileType = "wrapper.plug-in"; path = Settings.bundle; sourceTree = "<group>"; };
		1540FC6E2E0465E6003C1926 /* WaterLoggingButton.swift */ = {isa = PBXFileReference; lastKnownFileType = sourcecode.swift; path = WaterLoggingButton.swift; sourceTree = "<group>"; };
		1578C3892E05611500009CEC /* AppIcon.icon */ = {isa = PBXFileReference; lastKnownFileType = wrapper; path = AppIcon.icon; sourceTree = "<group>"; };
		1578C38C2E0565BE00009CEC /* README.md */ = {isa = PBXFileReference; lastKnownFileType = net.daringfireball.markdown; path = README.md; sourceTree = "<group>"; };
		15AB2A622E02C54900AA6860 /* doseToMeetGoal.swift */ = {isa = PBXFileReference; lastKnownFileType = sourcecode.swift; path = doseToMeetGoal.swift; sourceTree = "<group>"; };
		15AB2A7D2E02C6C700AA6860 /* Notification.swift */ = {isa = PBXFileReference; lastKnownFileType = sourcecode.swift; path = Notification.swift; sourceTree = "<group>"; };
		15AB2A7F2E02DF5400AA6860 /* createNotification.swift */ = {isa = PBXFileReference; lastKnownFileType = sourcecode.swift; path = createNotification.swift; sourceTree = "<group>"; };
		15AB2A822E02DFFD00AA6860 /* logWater.swift */ = {isa = PBXFileReference; lastKnownFileType = sourcecode.swift; path = logWater.swift; sourceTree = "<group>"; };
/* End PBXFileReference section */

/* Begin PBXFileSystemSynchronizedBuildFileExceptionSet section */
		150ECD992E0281C700B5B0B2 /* Exceptions for "WaterTrackingWidget" folder in "WaterTrackingWidgetExtension" target */ = {
			isa = PBXFileSystemSynchronizedBuildFileExceptionSet;
			membershipExceptions = (
				Info.plist,
			);
			target = 150ECD7F2E0281C600B5B0B2 /* WaterTrackingWidgetExtension */;
		};
		152BE8E92E049F8700C8D0BB /* Exceptions for "LogWaterAppIntent" folder in "LogWaterAppIntent" target */ = {
			isa = PBXFileSystemSynchronizedBuildFileExceptionSet;
			membershipExceptions = (
				Info.plist,
			);
			target = 152BE8DB2E049F8700C8D0BB /* LogWaterAppIntent */;
		};
		152BE8EA2E049F9700C8D0BB /* Exceptions for "LogWaterAppIntent" folder in "rawr" target */ = {
			isa = PBXFileSystemSynchronizedBuildFileExceptionSet;
			membershipExceptions = (
				LogWaterAppIntent.swift,
			);
			target = 1530ECB52E01C5EB00A3F4F5 /* rawr */;
		};
		152BE8EB2E049F9700C8D0BB /* Exceptions for "LogWaterAppIntent" folder in "WaterTrackingWidgetExtension" target */ = {
			isa = PBXFileSystemSynchronizedBuildFileExceptionSet;
			membershipExceptions = (
				LogWaterAppIntent.swift,
			);
			target = 150ECD7F2E0281C600B5B0B2 /* WaterTrackingWidgetExtension */;
		};
		152BE8EC2E049F9700C8D0BB /* Exceptions for "LogWaterAppIntent" folder in "rawr-watch Watch App" target */ = {
			isa = PBXFileSystemSynchronizedBuildFileExceptionSet;
			membershipExceptions = (
				LogWaterAppIntent.swift,
			);
			target = 152BE8AC2E0496B200C8D0BB /* rawr-watch Watch App */;
		};
/* End PBXFileSystemSynchronizedBuildFileExceptionSet section */

/* Begin PBXFileSystemSynchronizedRootGroup section */
		150ECD862E0281C600B5B0B2 /* WaterTrackingWidget */ = {
			isa = PBXFileSystemSynchronizedRootGroup;
			exceptions = (
				150ECD992E0281C700B5B0B2 /* Exceptions for "WaterTrackingWidget" folder in "WaterTrackingWidgetExtension" target */,
			);
			path = WaterTrackingWidget;
			sourceTree = "<group>";
		};
		152BE8AE2E0496B200C8D0BB /* rawr-watch Watch App */ = {
			isa = PBXFileSystemSynchronizedRootGroup;
			path = "rawr-watch Watch App";
			sourceTree = "<group>";
		};
		152BE8DD2E049F8700C8D0BB /* LogWaterAppIntent */ = {
			isa = PBXFileSystemSynchronizedRootGroup;
			exceptions = (
				152BE8EA2E049F9700C8D0BB /* Exceptions for "LogWaterAppIntent" folder in "rawr" target */,
				152BE8EB2E049F9700C8D0BB /* Exceptions for "LogWaterAppIntent" folder in "WaterTrackingWidgetExtension" target */,
				152BE8EC2E049F9700C8D0BB /* Exceptions for "LogWaterAppIntent" folder in "rawr-watch Watch App" target */,
				152BE8E92E049F8700C8D0BB /* Exceptions for "LogWaterAppIntent" folder in "LogWaterAppIntent" target */,
			);
			path = LogWaterAppIntent;
			sourceTree = "<group>";
		};
		1530ECB82E01C5EB00A3F4F5 /* rawr */ = {
			isa = PBXFileSystemSynchronizedRootGroup;
			path = rawr;
			sourceTree = "<group>";
		};
/* End PBXFileSystemSynchronizedRootGroup section */

/* Begin PBXFrameworksBuildPhase section */
		150ECD7D2E0281C600B5B0B2 /* Frameworks */ = {
			isa = PBXFrameworksBuildPhase;
			buildActionMask = 2147483647;
			files = (
				150ECD852E0281C600B5B0B2 /* SwiftUI.framework in Frameworks */,
				150ECD832E0281C600B5B0B2 /* WidgetKit.framework in Frameworks */,
			);
			runOnlyForDeploymentPostprocessing = 0;
		};
		152BE8AA2E0496B200C8D0BB /* Frameworks */ = {
			isa = PBXFrameworksBuildPhase;
			buildActionMask = 2147483647;
			files = (
			);
			runOnlyForDeploymentPostprocessing = 0;
		};
		152BE8D92E049F8700C8D0BB /* Frameworks */ = {
			isa = PBXFrameworksBuildPhase;
			buildActionMask = 2147483647;
			files = (
			);
			runOnlyForDeploymentPostprocessing = 0;
		};
		1530ECB32E01C5EB00A3F4F5 /* Frameworks */ = {
			isa = PBXFrameworksBuildPhase;
			buildActionMask = 2147483647;
			files = (
			);
			runOnlyForDeploymentPostprocessing = 0;
		};
/* End PBXFrameworksBuildPhase section */

/* Begin PBXGroup section */
		150ECD812E0281C600B5B0B2 /* Frameworks */ = {
			isa = PBXGroup;
			children = (
				150ECD822E0281C600B5B0B2 /* WidgetKit.framework */,
				150ECD842E0281C600B5B0B2 /* SwiftUI.framework */,
			);
			name = Frameworks;
			sourceTree = "<group>";
		};
		150ECD9A2E0281F000B5B0B2 /* Shared */ = {
			isa = PBXGroup;
			children = (
				15AB2A7F2E02DF5400AA6860 /* createNotification.swift */,
				150ECD712E0281AD00B5B0B2 /* Item.swift */,
				152BE89F2E04968D00C8D0BB /* Assets.xcassets */,
				1578C3892E05611500009CEC /* AppIcon.icon */,
				15AB2A622E02C54900AA6860 /* doseToMeetGoal.swift */,
				15356D862E052D56002648CA /* Settings.bundle */,
				1540FC6E2E0465E6003C1926 /* WaterLoggingButton.swift */,
				152BE8932E04968D00C8D0BB /* enableAndSyncHealthIntegration.swift */,
				15AB2A822E02DFFD00AA6860 /* logWater.swift */,
				15AB2A7D2E02C6C700AA6860 /* Notification.swift */,
			);
			path = Shared;
			sourceTree = "<group>";
		};
		1530ECAD2E01C5EB00A3F4F5 = {
			isa = PBXGroup;
			children = (
				1578C38C2E0565BE00009CEC /* README.md */,
				150ECD9E2E0285FE00B5B0B2 /* WaterTrackingWidgetExtension.entitlements */,
				150ECD9A2E0281F000B5B0B2 /* Shared */,
				1530ECB82E01C5EB00A3F4F5 /* rawr */,
				152BE8AE2E0496B200C8D0BB /* rawr-watch Watch App */,
				152BE8DD2E049F8700C8D0BB /* LogWaterAppIntent */,
				150ECD862E0281C600B5B0B2 /* WaterTrackingWidget */,
				150ECD812E0281C600B5B0B2 /* Frameworks */,
				1530ECB72E01C5EB00A3F4F5 /* Products */,
			);
			sourceTree = "<group>";
		};
		1530ECB72E01C5EB00A3F4F5 /* Products */ = {
			isa = PBXGroup;
			children = (
				1530ECB62E01C5EB00A3F4F5 /* rawr.app */,
				150ECD802E0281C600B5B0B2 /* WaterTrackingWidgetExtension.appex */,
				152BE8AD2E0496B200C8D0BB /* rawr-watch Watch App.app */,
				152BE8DC2E049F8700C8D0BB /* LogWaterAppIntent.appex */,
			);
			name = Products;
			sourceTree = "<group>";
		};
/* End PBXGroup section */

/* Begin PBXNativeTarget section */
		150ECD7F2E0281C600B5B0B2 /* WaterTrackingWidgetExtension */ = {
			isa = PBXNativeTarget;
			buildConfigurationList = 150ECD982E0281C700B5B0B2 /* Build configuration list for PBXNativeTarget "WaterTrackingWidgetExtension" */;
			buildPhases = (
				150ECD7C2E0281C600B5B0B2 /* Sources */,
				150ECD7D2E0281C600B5B0B2 /* Frameworks */,
				150ECD7E2E0281C600B5B0B2 /* Resources */,
			);
			buildRules = (
			);
			dependencies = (
			);
			fileSystemSynchronizedGroups = (
				150ECD862E0281C600B5B0B2 /* WaterTrackingWidget */,
			);
			name = WaterTrackingWidgetExtension;
			packageProductDependencies = (
			);
			productName = WaterTrackingWidgetExtension;
			productReference = 150ECD802E0281C600B5B0B2 /* WaterTrackingWidgetExtension.appex */;
			productType = "com.apple.product-type.app-extension";
		};
		152BE8AC2E0496B200C8D0BB /* rawr-watch Watch App */ = {
			isa = PBXNativeTarget;
			buildConfigurationList = 152BE8BB2E0496B300C8D0BB /* Build configuration list for PBXNativeTarget "rawr-watch Watch App" */;
			buildPhases = (
				152BE8A92E0496B200C8D0BB /* Sources */,
				152BE8AA2E0496B200C8D0BB /* Frameworks */,
				152BE8AB2E0496B200C8D0BB /* Resources */,
				1566DA692E0704F700CA4A46 /* Embed Foundation Extensions */,
			);
			buildRules = (
			);
			dependencies = (
				15DFC3AD2E06889F0050C02D /* PBXTargetDependency */,
			);
			fileSystemSynchronizedGroups = (
				152BE8AE2E0496B200C8D0BB /* rawr-watch Watch App */,
			);
			name = "rawr-watch Watch App";
			packageProductDependencies = (
			);
			productName = "rawr-watch Watch App";
			productReference = 152BE8AD2E0496B200C8D0BB /* rawr-watch Watch App.app */;
			productType = "com.apple.product-type.application";
		};
		152BE8DB2E049F8700C8D0BB /* LogWaterAppIntent */ = {
			isa = PBXNativeTarget;
			buildConfigurationList = 152BE8E62E049F8700C8D0BB /* Build configuration list for PBXNativeTarget "LogWaterAppIntent" */;
			buildPhases = (
				152BE8D82E049F8700C8D0BB /* Sources */,
				152BE8D92E049F8700C8D0BB /* Frameworks */,
				152BE8DA2E049F8700C8D0BB /* Resources */,
			);
			buildRules = (
			);
			dependencies = (
			);
			fileSystemSynchronizedGroups = (
				152BE8DD2E049F8700C8D0BB /* LogWaterAppIntent */,
			);
			name = LogWaterAppIntent;
			packageProductDependencies = (
			);
			productName = LogWaterAppIntent;
			productReference = 152BE8DC2E049F8700C8D0BB /* LogWaterAppIntent.appex */;
			productType = "com.apple.product-type.extensionkit-extension";
		};
		1530ECB52E01C5EB00A3F4F5 /* rawr */ = {
			isa = PBXNativeTarget;
			buildConfigurationList = 1530ECC42E01C5EC00A3F4F5 /* Build configuration list for PBXNativeTarget "rawr" */;
			buildPhases = (
				1530ECB22E01C5EB00A3F4F5 /* Sources */,
				1530ECB32E01C5EB00A3F4F5 /* Frameworks */,
				1530ECB42E01C5EB00A3F4F5 /* Resources */,
				150ECD952E0281C700B5B0B2 /* Embed Foundation Extensions */,
				152BE8B82E0496B300C8D0BB /* Embed Watch Content */,
				152BE8D72E049F1900C8D0BB /* Embed ExtensionKit Extensions */,
			);
			buildRules = (
			);
			dependencies = (
				15DFC3AB2E0688950050C02D /* PBXTargetDependency */,
				150ECD932E0281C700B5B0B2 /* PBXTargetDependency */,
				152BE8B62E0496B300C8D0BB /* PBXTargetDependency */,
				152BE8E42E049F8700C8D0BB /* PBXTargetDependency */,
			);
			fileSystemSynchronizedGroups = (
				1530ECB82E01C5EB00A3F4F5 /* rawr */,
			);
			name = rawr;
			packageProductDependencies = (
			);
			productName = rawr;
			productReference = 1530ECB62E01C5EB00A3F4F5 /* rawr.app */;
			productType = "com.apple.product-type.application";
		};
/* End PBXNativeTarget section */

/* Begin PBXProject section */
		1530ECAE2E01C5EB00A3F4F5 /* Project object */ = {
			isa = PBXProject;
			attributes = {
				BuildIndependentTargetsInParallel = 1;
				LastSwiftUpdateCheck = 1630;
				LastUpgradeCheck = 1630;
				TargetAttributes = {
					150ECD7F2E0281C600B5B0B2 = {
						CreatedOnToolsVersion = 16.3;
					};
					152BE8AC2E0496B200C8D0BB = {
						CreatedOnToolsVersion = 16.3;
					};
					152BE8DB2E049F8700C8D0BB = {
						CreatedOnToolsVersion = 16.3;
					};
					1530ECB52E01C5EB00A3F4F5 = {
						CreatedOnToolsVersion = 16.3;
					};
				};
			};
			buildConfigurationList = 1530ECB12E01C5EB00A3F4F5 /* Build configuration list for PBXProject "rawr" */;
			developmentRegion = en;
			hasScannedForEncodings = 0;
			knownRegions = (
				en,
				Base,
			);
			mainGroup = 1530ECAD2E01C5EB00A3F4F5;
			minimizedProjectReferenceProxies = 1;
			packageReferences = (
				15DFC3A92E0688460050C02D /* XCRemoteSwiftPackageReference "SwiftLintPlugins" */,
			);
			preferredProjectObjectVersion = 77;
			productRefGroup = 1530ECB72E01C5EB00A3F4F5 /* Products */;
			projectDirPath = "";
			projectRoot = "";
			targets = (
				1530ECB52E01C5EB00A3F4F5 /* rawr */,
				150ECD7F2E0281C600B5B0B2 /* WaterTrackingWidgetExtension */,
				152BE8AC2E0496B200C8D0BB /* rawr-watch Watch App */,
				152BE8DB2E049F8700C8D0BB /* LogWaterAppIntent */,
			);
		};
/* End PBXProject section */

/* Begin PBXResourcesBuildPhase section */
		150ECD7E2E0281C600B5B0B2 /* Resources */ = {
			isa = PBXResourcesBuildPhase;
			buildActionMask = 2147483647;
			files = (
				152BE8A82E04968D00C8D0BB /* Assets.xcassets in Resources */,
				1566DA832E07072900CA4A46 /* AppIcon.icon in Resources */,
			);
			runOnlyForDeploymentPostprocessing = 0;
		};
		152BE8AB2E0496B200C8D0BB /* Resources */ = {
			isa = PBXResourcesBuildPhase;
			buildActionMask = 2147483647;
			files = (
				15356D8A2E052D56002648CA /* Settings.bundle in Resources */,
				152BE8EE2E049FF300C8D0BB /* Assets.xcassets in Resources */,
				1578C38B2E05611500009CEC /* AppIcon.icon in Resources */,
			);
			runOnlyForDeploymentPostprocessing = 0;
		};
		152BE8DA2E049F8700C8D0BB /* Resources */ = {
			isa = PBXResourcesBuildPhase;
			buildActionMask = 2147483647;
			files = (
				1566DA812E07072300CA4A46 /* Assets.xcassets in Resources */,
				1566DA842E07072900CA4A46 /* AppIcon.icon in Resources */,
			);
			runOnlyForDeploymentPostprocessing = 0;
		};
		1530ECB42E01C5EB00A3F4F5 /* Resources */ = {
			isa = PBXResourcesBuildPhase;
			buildActionMask = 2147483647;
			files = (
				15356D882E052D56002648CA /* Settings.bundle in Resources */,
				152BE8ED2E049FF300C8D0BB /* Assets.xcassets in Resources */,
				1578C38A2E05611500009CEC /* AppIcon.icon in Resources */,
			);
			runOnlyForDeploymentPostprocessing = 0;
		};
/* End PBXResourcesBuildPhase section */

/* Begin PBXSourcesBuildPhase section */
		150ECD7C2E0281C600B5B0B2 /* Sources */ = {
			isa = PBXSourcesBuildPhase;
			buildActionMask = 2147483647;
			files = (
				1540FC812E04680D003C1926 /* WaterLoggingButton.swift in Sources */,
				15AB2A812E02DFC500AA6860 /* createNotification.swift in Sources */,
				15AB2A852E02E19C00AA6860 /* Notification.swift in Sources */,
				15AB2A842E02E0F800AA6860 /* doseToMeetGoal.swift in Sources */,
				15AB2A862E02E1A800AA6860 /* logWater.swift in Sources */,
				150ECD9D2E02825200B5B0B2 /* Item.swift in Sources */,
			);
			runOnlyForDeploymentPostprocessing = 0;
		};
		152BE8A92E0496B200C8D0BB /* Sources */ = {
			isa = PBXSourcesBuildPhase;
			buildActionMask = 2147483647;
			files = (
				152BE8C42E049E7800C8D0BB /* enableAndSyncHealthIntegration.swift in Sources */,
				152BE8BC2E0496D200C8D0BB /* WaterLoggingButton.swift in Sources */,
				152BE8C22E04972900C8D0BB /* Notification.swift in Sources */,
				152BE8BD2E0496D500C8D0BB /* createNotification.swift in Sources */,
				152BE8BF2E0496E200C8D0BB /* Item.swift in Sources */,
				152BE8C12E0496F100C8D0BB /* logWater.swift in Sources */,
				152BE8C02E0496E900C8D0BB /* doseToMeetGoal.swift in Sources */,
			);
			runOnlyForDeploymentPostprocessing = 0;
		};
		152BE8D82E049F8700C8D0BB /* Sources */ = {
			isa = PBXSourcesBuildPhase;
			buildActionMask = 2147483647;
			files = (
				1566DA7D2E07071200CA4A46 /* createNotification.swift in Sources */,
				1566DA892E07074B00CA4A46 /* logWater.swift in Sources */,
				1566DA8B2E07075000CA4A46 /* Notification.swift in Sources */,
				1566DA7F2E07071A00CA4A46 /* Item.swift in Sources */,
				1566DA862E07073000CA4A46 /* doseToMeetGoal.swift in Sources */,
			);
			runOnlyForDeploymentPostprocessing = 0;
		};
		1530ECB22E01C5EB00A3F4F5 /* Sources */ = {
			isa = PBXSourcesBuildPhase;
			buildActionMask = 2147483647;
			files = (
				150ECD752E0281AD00B5B0B2 /* Item.swift in Sources */,
				15AB2A832E02E00000AA6860 /* logWater.swift in Sources */,
				15AB2A802E02DF5C00AA6860 /* createNotification.swift in Sources */,
				152BE8982E04968D00C8D0BB /* enableAndSyncHealthIntegration.swift in Sources */,
				1540FC742E0465E6003C1926 /* WaterLoggingButton.swift in Sources */,
				15AB2A6D2E02C54900AA6860 /* doseToMeetGoal.swift in Sources */,
				15AB2A7E2E02C6CB00AA6860 /* Notification.swift in Sources */,
			);
			runOnlyForDeploymentPostprocessing = 0;
		};
/* End PBXSourcesBuildPhase section */

/* Begin PBXTargetDependency section */
		150ECD932E0281C700B5B0B2 /* PBXTargetDependency */ = {
			isa = PBXTargetDependency;
			target = 150ECD7F2E0281C600B5B0B2 /* WaterTrackingWidgetExtension */;
			targetProxy = 150ECD922E0281C700B5B0B2 /* PBXContainerItemProxy */;
		};
		152BE8B62E0496B300C8D0BB /* PBXTargetDependency */ = {
			isa = PBXTargetDependency;
			target = 152BE8AC2E0496B200C8D0BB /* rawr-watch Watch App */;
			targetProxy = 152BE8B52E0496B300C8D0BB /* PBXContainerItemProxy */;
		};
		152BE8E42E049F8700C8D0BB /* PBXTargetDependency */ = {
			isa = PBXTargetDependency;
			target = 152BE8DB2E049F8700C8D0BB /* LogWaterAppIntent */;
			targetProxy = 152BE8E32E049F8700C8D0BB /* PBXContainerItemProxy */;
		};
		15DFC3AB2E0688950050C02D /* PBXTargetDependency */ = {
			isa = PBXTargetDependency;
			productRef = 15DFC3AA2E0688950050C02D /* SwiftLintBuildToolPlugin */;
		};
		15DFC3AD2E06889F0050C02D /* PBXTargetDependency */ = {
			isa = PBXTargetDependency;
			productRef = 15DFC3AC2E06889F0050C02D /* SwiftLintBuildToolPlugin */;
		};
/* End PBXTargetDependency section */

/* Begin XCBuildConfiguration section */
		150ECD962E0281C700B5B0B2 /* Debug */ = {
			isa = XCBuildConfiguration;
			buildSettings = {
				ASSETCATALOG_COMPILER_GLOBAL_ACCENT_COLOR_NAME = AccentColor;
				ASSETCATALOG_COMPILER_WIDGET_BACKGROUND_COLOR_NAME = WidgetBackground;
				CODE_SIGN_ENTITLEMENTS = WaterTrackingWidgetExtension.entitlements;
				CODE_SIGN_STYLE = Automatic;
				CURRENT_PROJECT_VERSION = 11;
				DEVELOPMENT_TEAM = 3ZKC6VXD5Z;
				GENERATE_INFOPLIST_FILE = YES;
				INFOPLIST_FILE = WaterTrackingWidget/Info.plist;
				INFOPLIST_KEY_CFBundleDisplayName = WaterTrackingWidget;
				INFOPLIST_KEY_NSHealthShareUsageDescription = "The app can display the sum of all water intake stored in the Health app.";
				INFOPLIST_KEY_NSHealthUpdateUsageDescription = "The app can store your water intake in the Health app. This is optional.";
				INFOPLIST_KEY_NSHumanReadableCopyright = "";
				LD_RUNPATH_SEARCH_PATHS = (
					"$(inherited)",
					"@executable_path/Frameworks",
					"@executable_path/../../Frameworks",
				);
				MARKETING_VERSION = "$(MARKETING_VERSION)";
				PRODUCT_BUNDLE_IDENTIFIER = xyz.libewa.rawr.WaterTrackingWidget;
				PRODUCT_NAME = "$(TARGET_NAME)";
				SKIP_INSTALL = YES;
				SWIFT_EMIT_LOC_STRINGS = YES;
				SWIFT_VERSION = 5.0;
				TARGETED_DEVICE_FAMILY = "1,2";
			};
			name = Debug;
		};
		150ECD972E0281C700B5B0B2 /* Release */ = {
			isa = XCBuildConfiguration;
			buildSettings = {
				ASSETCATALOG_COMPILER_GLOBAL_ACCENT_COLOR_NAME = AccentColor;
				ASSETCATALOG_COMPILER_WIDGET_BACKGROUND_COLOR_NAME = WidgetBackground;
				CODE_SIGN_ENTITLEMENTS = WaterTrackingWidgetExtension.entitlements;
				CODE_SIGN_STYLE = Automatic;
				CURRENT_PROJECT_VERSION = 11;
				DEVELOPMENT_TEAM = 3ZKC6VXD5Z;
				GENERATE_INFOPLIST_FILE = YES;
				INFOPLIST_FILE = WaterTrackingWidget/Info.plist;
				INFOPLIST_KEY_CFBundleDisplayName = WaterTrackingWidget;
				INFOPLIST_KEY_NSHealthShareUsageDescription = "The app can display the sum of all water intake stored in the Health app.";
				INFOPLIST_KEY_NSHealthUpdateUsageDescription = "The app can store your water intake in the Health app. This is optional.";
				INFOPLIST_KEY_NSHumanReadableCopyright = "";
				LD_RUNPATH_SEARCH_PATHS = (
					"$(inherited)",
					"@executable_path/Frameworks",
					"@executable_path/../../Frameworks",
				);
				MARKETING_VERSION = "$(MARKETING_VERSION)";
				PRODUCT_BUNDLE_IDENTIFIER = xyz.libewa.rawr.WaterTrackingWidget;
				PRODUCT_NAME = "$(TARGET_NAME)";
				SKIP_INSTALL = YES;
				SWIFT_EMIT_LOC_STRINGS = YES;
				SWIFT_VERSION = 5.0;
				TARGETED_DEVICE_FAMILY = "1,2";
			};
			name = Release;
		};
		152BE8B92E0496B300C8D0BB /* Debug */ = {
			isa = XCBuildConfiguration;
			buildSettings = {
				ASSETCATALOG_COMPILER_APPICON_NAME = AppIcon;
				ASSETCATALOG_COMPILER_GLOBAL_ACCENT_COLOR_NAME = AccentColor;
				CODE_SIGN_ENTITLEMENTS = "rawr-watch Watch App/rawr-watch Watch App.entitlements";
				CODE_SIGN_STYLE = Automatic;
				CURRENT_PROJECT_VERSION = 11;
				DEVELOPMENT_TEAM = 3ZKC6VXD5Z;
				ENABLE_PREVIEWS = YES;
				GENERATE_INFOPLIST_FILE = YES;
				INFOPLIST_KEY_CFBundleDisplayName = rawr;
				INFOPLIST_KEY_NSHealthShareUsageDescription = "The app can display the sum of all water intake stored in the Health app.";
				INFOPLIST_KEY_NSHealthUpdateUsageDescription = "The app can store your water intake in the Health app. This is optional.";
				INFOPLIST_KEY_UISupportedInterfaceOrientations = "UIInterfaceOrientationPortrait UIInterfaceOrientationPortraitUpsideDown";
				INFOPLIST_KEY_WKCompanionAppBundleIdentifier = xyz.libewa.rawr;
				INFOPLIST_KEY_WKRunsIndependentlyOfCompanionApp = YES;
				LD_RUNPATH_SEARCH_PATHS = (
					"$(inherited)",
					"@executable_path/Frameworks",
				);
				MARKETING_VERSION = "$(MARKETING_VERSION)";
				PRODUCT_BUNDLE_IDENTIFIER = xyz.libewa.rawr.watchkitapp;
				PRODUCT_NAME = "$(TARGET_NAME)";
				SDKROOT = watchos;
				SKIP_INSTALL = YES;
				SWIFT_EMIT_LOC_STRINGS = YES;
				SWIFT_VERSION = 5.0;
				TARGETED_DEVICE_FAMILY = 4;
				WATCHOS_DEPLOYMENT_TARGET = 11.4;
			};
			name = Debug;
		};
		152BE8BA2E0496B300C8D0BB /* Release */ = {
			isa = XCBuildConfiguration;
			buildSettings = {
				ASSETCATALOG_COMPILER_APPICON_NAME = AppIcon;
				ASSETCATALOG_COMPILER_GLOBAL_ACCENT_COLOR_NAME = AccentColor;
				CODE_SIGN_ENTITLEMENTS = "rawr-watch Watch App/rawr-watch Watch App.entitlements";
				CODE_SIGN_STYLE = Automatic;
				CURRENT_PROJECT_VERSION = 11;
				DEVELOPMENT_TEAM = 3ZKC6VXD5Z;
				ENABLE_PREVIEWS = YES;
				GENERATE_INFOPLIST_FILE = YES;
				INFOPLIST_KEY_CFBundleDisplayName = rawr;
				INFOPLIST_KEY_NSHealthShareUsageDescription = "The app can display the sum of all water intake stored in the Health app.";
				INFOPLIST_KEY_NSHealthUpdateUsageDescription = "The app can store your water intake in the Health app. This is optional.";
				INFOPLIST_KEY_UISupportedInterfaceOrientations = "UIInterfaceOrientationPortrait UIInterfaceOrientationPortraitUpsideDown";
				INFOPLIST_KEY_WKCompanionAppBundleIdentifier = xyz.libewa.rawr;
				INFOPLIST_KEY_WKRunsIndependentlyOfCompanionApp = YES;
				LD_RUNPATH_SEARCH_PATHS = (
					"$(inherited)",
					"@executable_path/Frameworks",
				);
				MARKETING_VERSION = "$(MARKETING_VERSION)";
				PRODUCT_BUNDLE_IDENTIFIER = xyz.libewa.rawr.watchkitapp;
				PRODUCT_NAME = "$(TARGET_NAME)";
				SDKROOT = watchos;
				SKIP_INSTALL = YES;
				SWIFT_EMIT_LOC_STRINGS = YES;
				SWIFT_VERSION = 5.0;
				TARGETED_DEVICE_FAMILY = 4;
				WATCHOS_DEPLOYMENT_TARGET = 11.4;
			};
			name = Release;
		};
		152BE8E72E049F8700C8D0BB /* Debug */ = {
			isa = XCBuildConfiguration;
			buildSettings = {
				CODE_SIGN_ENTITLEMENTS = LogWaterAppIntent/LogWaterAppIntent.entitlements;
				CODE_SIGN_STYLE = Automatic;
				CURRENT_PROJECT_VERSION = 11;
				DEVELOPMENT_TEAM = 3ZKC6VXD5Z;
				GENERATE_INFOPLIST_FILE = YES;
				INFOPLIST_FILE = LogWaterAppIntent/Info.plist;
				INFOPLIST_KEY_CFBundleDisplayName = LogWaterAppIntent;
				INFOPLIST_KEY_NSHumanReadableCopyright = "";
				LD_RUNPATH_SEARCH_PATHS = (
					"$(inherited)",
					"@executable_path/Frameworks",
					"@executable_path/../../Frameworks",
				);
				MARKETING_VERSION = "$(MARKETING_VERSION)";
				PRODUCT_BUNDLE_IDENTIFIER = xyz.libewa.rawr.LogWaterAppIntent;
				PRODUCT_NAME = "$(TARGET_NAME)";
				SKIP_INSTALL = YES;
				SWIFT_EMIT_LOC_STRINGS = YES;
				SWIFT_VERSION = 5.0;
				TARGETED_DEVICE_FAMILY = "1,2";
			};
			name = Debug;
		};
		152BE8E82E049F8700C8D0BB /* Release */ = {
			isa = XCBuildConfiguration;
			buildSettings = {
				CODE_SIGN_ENTITLEMENTS = LogWaterAppIntent/LogWaterAppIntent.entitlements;
				CODE_SIGN_STYLE = Automatic;
				CURRENT_PROJECT_VERSION = 11;
				DEVELOPMENT_TEAM = 3ZKC6VXD5Z;
				GENERATE_INFOPLIST_FILE = YES;
				INFOPLIST_FILE = LogWaterAppIntent/Info.plist;
				INFOPLIST_KEY_CFBundleDisplayName = LogWaterAppIntent;
				INFOPLIST_KEY_NSHumanReadableCopyright = "";
				LD_RUNPATH_SEARCH_PATHS = (
					"$(inherited)",
					"@executable_path/Frameworks",
					"@executable_path/../../Frameworks",
				);
				MARKETING_VERSION = "$(MARKETING_VERSION)";
				PRODUCT_BUNDLE_IDENTIFIER = xyz.libewa.rawr.LogWaterAppIntent;
				PRODUCT_NAME = "$(TARGET_NAME)";
				SKIP_INSTALL = YES;
				SWIFT_EMIT_LOC_STRINGS = YES;
				SWIFT_VERSION = 5.0;
				TARGETED_DEVICE_FAMILY = "1,2";
			};
			name = Release;
		};
		1530ECC52E01C5EC00A3F4F5 /* Debug */ = {
			isa = XCBuildConfiguration;
			buildSettings = {
				ASSETCATALOG_COMPILER_APPICON_NAME = AppIcon;
				ASSETCATALOG_COMPILER_GLOBAL_ACCENT_COLOR_NAME = AccentColor;
				CODE_SIGN_ENTITLEMENTS = rawr/rawr.entitlements;
				CODE_SIGN_STYLE = Automatic;
				CURRENT_PROJECT_VERSION = 11;
				DEVELOPMENT_TEAM = 3ZKC6VXD5Z;
				ENABLE_PREVIEWS = YES;
				GENERATE_INFOPLIST_FILE = YES;
				INFOPLIST_FILE = "";
				INFOPLIST_KEY_NSHealthShareUsageDescription = "The app can display the sum of all water intake stored in the Health app.";
				INFOPLIST_KEY_NSHealthUpdateUsageDescription = "The app can store your water intake in the Health app. This is optional.";
				INFOPLIST_KEY_UIApplicationSceneManifest_Generation = YES;
				INFOPLIST_KEY_UIApplicationSupportsIndirectInputEvents = YES;
				INFOPLIST_KEY_UILaunchScreen_Generation = YES;
				INFOPLIST_KEY_UISupportedInterfaceOrientations_iPad = "UIInterfaceOrientationPortrait UIInterfaceOrientationPortraitUpsideDown UIInterfaceOrientationLandscapeLeft UIInterfaceOrientationLandscapeRight";
				INFOPLIST_KEY_UISupportedInterfaceOrientations_iPhone = "UIInterfaceOrientationPortrait UIInterfaceOrientationLandscapeLeft UIInterfaceOrientationLandscapeRight";
				LD_RUNPATH_SEARCH_PATHS = (
					"$(inherited)",
					"@executable_path/Frameworks",
				);
				MARKETING_VERSION = "$(MARKETING_VERSION)";
				PRODUCT_BUNDLE_IDENTIFIER = xyz.libewa.rawr;
				PRODUCT_NAME = "$(TARGET_NAME)";
				SUPPORTED_PLATFORMS = "iphoneos iphonesimulator";
				SUPPORTS_MACCATALYST = NO;
				SUPPORTS_MAC_DESIGNED_FOR_IPHONE_IPAD = NO;
				SUPPORTS_XR_DESIGNED_FOR_IPHONE_IPAD = NO;
				SWIFT_EMIT_LOC_STRINGS = YES;
				SWIFT_VERSION = 5.0;
				TARGETED_DEVICE_FAMILY = 1;
			};
			name = Debug;
		};
		1530ECC62E01C5EC00A3F4F5 /* Release */ = {
			isa = XCBuildConfiguration;
			buildSettings = {
				ASSETCATALOG_COMPILER_APPICON_NAME = AppIcon;
				ASSETCATALOG_COMPILER_GLOBAL_ACCENT_COLOR_NAME = AccentColor;
				CODE_SIGN_ENTITLEMENTS = rawr/rawr.entitlements;
				CODE_SIGN_STYLE = Automatic;
				CURRENT_PROJECT_VERSION = 11;
				DEVELOPMENT_TEAM = 3ZKC6VXD5Z;
				ENABLE_PREVIEWS = YES;
				GENERATE_INFOPLIST_FILE = YES;
				INFOPLIST_FILE = "";
				INFOPLIST_KEY_NSHealthShareUsageDescription = "The app can display the sum of all water intake stored in the Health app.";
				INFOPLIST_KEY_NSHealthUpdateUsageDescription = "The app can store your water intake in the Health app. This is optional.";
				INFOPLIST_KEY_UIApplicationSceneManifest_Generation = YES;
				INFOPLIST_KEY_UIApplicationSupportsIndirectInputEvents = YES;
				INFOPLIST_KEY_UILaunchScreen_Generation = YES;
				INFOPLIST_KEY_UISupportedInterfaceOrientations_iPad = "UIInterfaceOrientationPortrait UIInterfaceOrientationPortraitUpsideDown UIInterfaceOrientationLandscapeLeft UIInterfaceOrientationLandscapeRight";
				INFOPLIST_KEY_UISupportedInterfaceOrientations_iPhone = "UIInterfaceOrientationPortrait UIInterfaceOrientationLandscapeLeft UIInterfaceOrientationLandscapeRight";
				LD_RUNPATH_SEARCH_PATHS = (
					"$(inherited)",
					"@executable_path/Frameworks",
				);
				MARKETING_VERSION = "$(MARKETING_VERSION)";
				PRODUCT_BUNDLE_IDENTIFIER = xyz.libewa.rawr;
				PRODUCT_NAME = "$(TARGET_NAME)";
				SUPPORTED_PLATFORMS = "iphoneos iphonesimulator";
				SUPPORTS_MACCATALYST = NO;
				SUPPORTS_MAC_DESIGNED_FOR_IPHONE_IPAD = NO;
				SUPPORTS_XR_DESIGNED_FOR_IPHONE_IPAD = NO;
				SWIFT_EMIT_LOC_STRINGS = YES;
				SWIFT_VERSION = 5.0;
				TARGETED_DEVICE_FAMILY = 1;
			};
			name = Release;
		};
		1530ECC72E01C5EC00A3F4F5 /* Debug */ = {
			isa = XCBuildConfiguration;
			buildSettings = {
				ALWAYS_SEARCH_USER_PATHS = NO;
				ASSETCATALOG_COMPILER_GENERATE_SWIFT_ASSET_SYMBOL_EXTENSIONS = YES;
				CLANG_ANALYZER_NONNULL = YES;
				CLANG_ANALYZER_NUMBER_OBJECT_CONVERSION = YES_AGGRESSIVE;
				CLANG_CXX_LANGUAGE_STANDARD = "gnu++20";
				CLANG_ENABLE_MODULES = YES;
				CLANG_ENABLE_OBJC_ARC = YES;
				CLANG_ENABLE_OBJC_WEAK = YES;
				CLANG_WARN_BLOCK_CAPTURE_AUTORELEASING = YES;
				CLANG_WARN_BOOL_CONVERSION = YES;
				CLANG_WARN_COMMA = YES;
				CLANG_WARN_CONSTANT_CONVERSION = YES;
				CLANG_WARN_DEPRECATED_OBJC_IMPLEMENTATIONS = YES;
				CLANG_WARN_DIRECT_OBJC_ISA_USAGE = YES_ERROR;
				CLANG_WARN_DOCUMENTATION_COMMENTS = YES;
				CLANG_WARN_EMPTY_BODY = YES;
				CLANG_WARN_ENUM_CONVERSION = YES;
				CLANG_WARN_INFINITE_RECURSION = YES;
				CLANG_WARN_INT_CONVERSION = YES;
				CLANG_WARN_NON_LITERAL_NULL_CONVERSION = YES;
				CLANG_WARN_OBJC_IMPLICIT_RETAIN_SELF = YES;
				CLANG_WARN_OBJC_LITERAL_CONVERSION = YES;
				CLANG_WARN_OBJC_ROOT_CLASS = YES_ERROR;
				CLANG_WARN_QUOTED_INCLUDE_IN_FRAMEWORK_HEADER = YES;
				CLANG_WARN_RANGE_LOOP_ANALYSIS = YES;
				CLANG_WARN_STRICT_PROTOTYPES = YES;
				CLANG_WARN_SUSPICIOUS_MOVE = YES;
				CLANG_WARN_UNGUARDED_AVAILABILITY = YES_AGGRESSIVE;
				CLANG_WARN_UNREACHABLE_CODE = YES;
				CLANG_WARN__DUPLICATE_METHOD_MATCH = YES;
				COPY_PHASE_STRIP = NO;
				CURRENT_PROJECT_VERSION = 11;
				DEBUG_INFORMATION_FORMAT = dwarf;
				ENABLE_STRICT_OBJC_MSGSEND = YES;
				ENABLE_TESTABILITY = YES;
				ENABLE_USER_SCRIPT_SANDBOXING = YES;
				GCC_C_LANGUAGE_STANDARD = gnu17;
				GCC_DYNAMIC_NO_PIC = NO;
				GCC_NO_COMMON_BLOCKS = YES;
				GCC_OPTIMIZATION_LEVEL = 0;
				GCC_PREPROCESSOR_DEFINITIONS = (
					"DEBUG=1",
					"$(inherited)",
				);
				GCC_WARN_64_TO_32_BIT_CONVERSION = YES;
				GCC_WARN_ABOUT_RETURN_TYPE = YES_ERROR;
				GCC_WARN_UNDECLARED_SELECTOR = YES;
				GCC_WARN_UNINITIALIZED_AUTOS = YES_AGGRESSIVE;
				GCC_WARN_UNUSED_FUNCTION = YES;
				GCC_WARN_UNUSED_VARIABLE = YES;
				IPHONEOS_DEPLOYMENT_TARGET = 18.4;
				LOCALIZATION_PREFERS_STRING_CATALOGS = YES;
				MARKETING_VERSION = 1.0;
				MTL_ENABLE_DEBUG_INFO = INCLUDE_SOURCE;
				MTL_FAST_MATH = YES;
				ONLY_ACTIVE_ARCH = YES;
				SDKROOT = iphoneos;
				SWIFT_ACTIVE_COMPILATION_CONDITIONS = "DEBUG $(inherited)";
				SWIFT_OPTIMIZATION_LEVEL = "-Onone";
				VERSIONING_SYSTEM = "apple-generic";
			};
			name = Debug;
		};
		1530ECC82E01C5EC00A3F4F5 /* Release */ = {
			isa = XCBuildConfiguration;
			buildSettings = {
				ALWAYS_SEARCH_USER_PATHS = NO;
				ASSETCATALOG_COMPILER_GENERATE_SWIFT_ASSET_SYMBOL_EXTENSIONS = YES;
				CLANG_ANALYZER_NONNULL = YES;
				CLANG_ANALYZER_NUMBER_OBJECT_CONVERSION = YES_AGGRESSIVE;
				CLANG_CXX_LANGUAGE_STANDARD = "gnu++20";
				CLANG_ENABLE_MODULES = YES;
				CLANG_ENABLE_OBJC_ARC = YES;
				CLANG_ENABLE_OBJC_WEAK = YES;
				CLANG_WARN_BLOCK_CAPTURE_AUTORELEASING = YES;
				CLANG_WARN_BOOL_CONVERSION = YES;
				CLANG_WARN_COMMA = YES;
				CLANG_WARN_CONSTANT_CONVERSION = YES;
				CLANG_WARN_DEPRECATED_OBJC_IMPLEMENTATIONS = YES;
				CLANG_WARN_DIRECT_OBJC_ISA_USAGE = YES_ERROR;
				CLANG_WARN_DOCUMENTATION_COMMENTS = YES;
				CLANG_WARN_EMPTY_BODY = YES;
				CLANG_WARN_ENUM_CONVERSION = YES;
				CLANG_WARN_INFINITE_RECURSION = YES;
				CLANG_WARN_INT_CONVERSION = YES;
				CLANG_WARN_NON_LITERAL_NULL_CONVERSION = YES;
				CLANG_WARN_OBJC_IMPLICIT_RETAIN_SELF = YES;
				CLANG_WARN_OBJC_LITERAL_CONVERSION = YES;
				CLANG_WARN_OBJC_ROOT_CLASS = YES_ERROR;
				CLANG_WARN_QUOTED_INCLUDE_IN_FRAMEWORK_HEADER = YES;
				CLANG_WARN_RANGE_LOOP_ANALYSIS = YES;
				CLANG_WARN_STRICT_PROTOTYPES = YES;
				CLANG_WARN_SUSPICIOUS_MOVE = YES;
				CLANG_WARN_UNGUARDED_AVAILABILITY = YES_AGGRESSIVE;
				CLANG_WARN_UNREACHABLE_CODE = YES;
				CLANG_WARN__DUPLICATE_METHOD_MATCH = YES;
				COPY_PHASE_STRIP = NO;
				CURRENT_PROJECT_VERSION = 11;
				DEBUG_INFORMATION_FORMAT = "dwarf-with-dsym";
				ENABLE_NS_ASSERTIONS = NO;
				ENABLE_STRICT_OBJC_MSGSEND = YES;
				ENABLE_USER_SCRIPT_SANDBOXING = YES;
				GCC_C_LANGUAGE_STANDARD = gnu17;
				GCC_NO_COMMON_BLOCKS = YES;
				GCC_WARN_64_TO_32_BIT_CONVERSION = YES;
				GCC_WARN_ABOUT_RETURN_TYPE = YES_ERROR;
				GCC_WARN_UNDECLARED_SELECTOR = YES;
				GCC_WARN_UNINITIALIZED_AUTOS = YES_AGGRESSIVE;
				GCC_WARN_UNUSED_FUNCTION = YES;
				GCC_WARN_UNUSED_VARIABLE = YES;
				IPHONEOS_DEPLOYMENT_TARGET = 18.4;
				LOCALIZATION_PREFERS_STRING_CATALOGS = YES;
				MARKETING_VERSION = 1.0;
				MTL_ENABLE_DEBUG_INFO = NO;
				MTL_FAST_MATH = YES;
				SDKROOT = iphoneos;
				SWIFT_COMPILATION_MODE = wholemodule;
				VALIDATE_PRODUCT = YES;
				VERSIONING_SYSTEM = "apple-generic";
			};
			name = Release;
		};
/* End XCBuildConfiguration section */

/* Begin XCConfigurationList section */
		150ECD982E0281C700B5B0B2 /* Build configuration list for PBXNativeTarget "WaterTrackingWidgetExtension" */ = {
			isa = XCConfigurationList;
			buildConfigurations = (
				150ECD962E0281C700B5B0B2 /* Debug */,
				150ECD972E0281C700B5B0B2 /* Release */,
			);
			defaultConfigurationIsVisible = 0;
			defaultConfigurationName = Release;
		};
		152BE8BB2E0496B300C8D0BB /* Build configuration list for PBXNativeTarget "rawr-watch Watch App" */ = {
			isa = XCConfigurationList;
			buildConfigurations = (
				152BE8B92E0496B300C8D0BB /* Debug */,
				152BE8BA2E0496B300C8D0BB /* Release */,
			);
			defaultConfigurationIsVisible = 0;
			defaultConfigurationName = Release;
		};
		152BE8E62E049F8700C8D0BB /* Build configuration list for PBXNativeTarget "LogWaterAppIntent" */ = {
			isa = XCConfigurationList;
			buildConfigurations = (
				152BE8E72E049F8700C8D0BB /* Debug */,
				152BE8E82E049F8700C8D0BB /* Release */,
			);
			defaultConfigurationIsVisible = 0;
			defaultConfigurationName = Release;
		};
		1530ECB12E01C5EB00A3F4F5 /* Build configuration list for PBXProject "rawr" */ = {
			isa = XCConfigurationList;
			buildConfigurations = (
				1530ECC72E01C5EC00A3F4F5 /* Debug */,
				1530ECC82E01C5EC00A3F4F5 /* Release */,
			);
			defaultConfigurationIsVisible = 0;
			defaultConfigurationName = Release;
		};
		1530ECC42E01C5EC00A3F4F5 /* Build configuration list for PBXNativeTarget "rawr" */ = {
			isa = XCConfigurationList;
			buildConfigurations = (
				1530ECC52E01C5EC00A3F4F5 /* Debug */,
				1530ECC62E01C5EC00A3F4F5 /* Release */,
			);
			defaultConfigurationIsVisible = 0;
			defaultConfigurationName = Release;
		};
/* End XCConfigurationList section */

/* Begin XCRemoteSwiftPackageReference section */
		15DFC3A92E0688460050C02D /* XCRemoteSwiftPackageReference "SwiftLintPlugins" */ = {
			isa = XCRemoteSwiftPackageReference;
			repositoryURL = "https://github.com/SimplyDanny/SwiftLintPlugins";
			requirement = {
				kind = upToNextMajorVersion;
				minimumVersion = 0.59.1;
			};
		};
/* End XCRemoteSwiftPackageReference section */

/* Begin XCSwiftPackageProductDependency section */
		15DFC3AA2E0688950050C02D /* SwiftLintBuildToolPlugin */ = {
			isa = XCSwiftPackageProductDependency;
			package = 15DFC3A92E0688460050C02D /* XCRemoteSwiftPackageReference "SwiftLintPlugins" */;
			productName = "plugin:SwiftLintBuildToolPlugin";
		};
		15DFC3AC2E06889F0050C02D /* SwiftLintBuildToolPlugin */ = {
			isa = XCSwiftPackageProductDependency;
			package = 15DFC3A92E0688460050C02D /* XCRemoteSwiftPackageReference "SwiftLintPlugins" */;
			productName = "plugin:SwiftLintBuildToolPlugin";
		};
/* End XCSwiftPackageProductDependency section */
	};
	rootObject = 1530ECAE2E01C5EB00A3F4F5 /* Project object */;
}
